
Microsoft Visual Studio Solution File, Format Version 12.00
# Visual Studio 15
VisualStudioVersion = 15.0.27130.2024
MinimumVisualStudioVersion = 10.0.40219.1
Project("{FAE04EC0-301F-11D3-BF4B-00C04F79EFBC}") = "testProject4", "testProject4\testProject4.csproj", "{813B7F8A-9173-4905-86D1-19D0AE62F3DF}"
EndProject
Global
	GlobalSection(SolutionConfigurationPlatforms) = preSolution
		Debug|Any CPU = Debug|Any CPU
		Release|Any CPU = Release|Any CPU
	EndGlobalSection
	GlobalSection(ProjectConfigurationPlatforms) = postSolution
		{813B7F8A-9173-4905-86D1-19D0AE62F3DF}.Debug|Any CPU.ActiveCfg = Debug|Any CPU
		{813B7F8A-9173-4905-86D1-19D0AE62F3DF}.Debug|Any CPU.Build.0 = Debug|Any CPU
		{813B7F8A-9173-4905-86D1-19D0AE62F3DF}.Release|Any CPU.ActiveCfg = Release|Any CPU
		{813B7F8A-9173-4905-86D1-19D0AE62F3DF}.Release|Any CPU.Build.0 = Release|Any CPU
	EndGlobalSection
	GlobalSection(SolutionProperties) = preSolution
		HideSolutionNode = FALSE
	EndGlobalSection
	GlobalSection(ExtensibilityGlobals) = postSolution
		SolutionGuid = {E903DF24-282E-4582-B8BE-A499E4E0ADF6}
	EndGlobalSection
EndGlobal
